
Microsoft Visual Studio Solution File, Format Version 12.00
# Visual Studio Version 17
VisualStudioVersion = 17.0.32112.339
MinimumVisualStudioVersion = 10.0.40219.1
Project("{FAE04EC0-301F-11D3-BF4B-00C04F79EFBC}") = "WebApplication", "WebApplication\WebApplication.csproj", "{208DF2D3-F0DF-4369-80D3-0413C090417B}"
EndProject
Global
	GlobalSection(SolutionConfigurationPlatforms) = preSolution
		Debug|Any CPU = Debug|Any CPU
		Release|Any CPU = Release|Any CPU
	EndGlobalSection
	GlobalSection(ProjectConfigurationPlatforms) = postSolution
		{208DF2D3-F0DF-4369-80D3-0413C090417B}.Debug|Any CPU.ActiveCfg = Debug|Any CPU
		{208DF2D3-F0DF-4369-80D3-0413C090417B}.Debug|Any CPU.Build.0 = Debug|Any CPU
		{208DF2D3-F0DF-4369-80D3-0413C090417B}.Release|Any CPU.ActiveCfg = Release|Any CPU
		{208DF2D3-F0DF-4369-80D3-0413C090417B}.Release|Any CPU.Build.0 = Release|Any CPU
	EndGlobalSection
	GlobalSection(SolutionProperties) = preSolution
		HideSolutionNode = FALSE
	EndGlobalSection
	GlobalSection(ExtensibilityGlobals) = postSolution
		SolutionGuid = {2903E28B-CC6B-4FA9-ABFD-96053FBC3AC7}
	EndGlobalSection
EndGlobal
